
Microsoft Visual Studio Solution File, Format Version 12.00
# Visual Studio Version 17
VisualStudioVersion = 17.2.32616.157
MinimumVisualStudioVersion = 10.0.40219.1
Project("{FAE04EC0-301F-11D3-BF4B-00C04F79EFBC}") = "CrmSdkLibrary", "CrmSdkLibrary\CrmSdkLibrary.csproj", "{8047D594-9184-4D8A-936B-86323BE56318}"
EndProject
Project("{FAE04EC0-301F-11D3-BF4B-00C04F79EFBC}") = "Example", "Example\Example.csproj", "{05E8AADE-2C0D-47F0-8088-C0692EDB3460}"
EndProject
Project("{9A19103F-16F7-4668-BE54-9A1E7A4F7556}") = "WebApi_ADAL", "WebApi\WebApi_ADAL.csproj", "{59E338CE-8F44-43BC-8062-68146D117405}"
EndProject
Project("{9A19103F-16F7-4668-BE54-9A1E7A4F7556}") = "CrmSdkLibrary_Core", "CrmSdkLibrary_Core\CrmSdkLibrary_Core.csproj", "{B1B47554-8430-45AC-AE1B-F584B3E82A95}"
EndProject
Project("{FAE04EC0-301F-11D3-BF4B-00C04F79EFBC}") = "CrmSdkLibrary_UnitTest", "CrmSdkLibrary_UnitTest\CrmSdkLibrary_UnitTest.csproj", "{80D786DA-FC86-471E-8D21-9565F545CFD5}"
EndProject
Project("{9A19103F-16F7-4668-BE54-9A1E7A4F7556}") = "CrmSdkLibrary_NUnitTest_Core", "CrmSdkLibrary_NUnitTest_Core\CrmSdkLibrary_NUnitTest_Core.csproj", "{0525F69B-F5B2-4F8D-9EA0-9EFB3A8EEA35}"
EndProject
Global
	GlobalSection(SolutionConfigurationPlatforms) = preSolution
		Debug|Any CPU = Debug|Any CPU
		Release|Any CPU = Release|Any CPU
	EndGlobalSection
	GlobalSection(ProjectConfigurationPlatforms) = postSolution
		{8047D594-9184-4D8A-936B-86323BE56318}.Debug|Any CPU.ActiveCfg = Debug|Any CPU
		{8047D594-9184-4D8A-936B-86323BE56318}.Debug|Any CPU.Build.0 = Debug|Any CPU
		{8047D594-9184-4D8A-936B-86323BE56318}.Release|Any CPU.ActiveCfg = Release|Any CPU
		{8047D594-9184-4D8A-936B-86323BE56318}.Release|Any CPU.Build.0 = Release|Any CPU
		{05E8AADE-2C0D-47F0-8088-C0692EDB3460}.Debug|Any CPU.ActiveCfg = Debug|Any CPU
		{05E8AADE-2C0D-47F0-8088-C0692EDB3460}.Debug|Any CPU.Build.0 = Debug|Any CPU
		{05E8AADE-2C0D-47F0-8088-C0692EDB3460}.Release|Any CPU.ActiveCfg = Release|Any CPU
		{05E8AADE-2C0D-47F0-8088-C0692EDB3460}.Release|Any CPU.Build.0 = Release|Any CPU
		{59E338CE-8F44-43BC-8062-68146D117405}.Debug|Any CPU.ActiveCfg = Debug|Any CPU
		{59E338CE-8F44-43BC-8062-68146D117405}.Debug|Any CPU.Build.0 = Debug|Any CPU
		{59E338CE-8F44-43BC-8062-68146D117405}.Release|Any CPU.ActiveCfg = Release|Any CPU
		{59E338CE-8F44-43BC-8062-68146D117405}.Release|Any CPU.Build.0 = Release|Any CPU
		{B1B47554-8430-45AC-AE1B-F584B3E82A95}.Debug|Any CPU.ActiveCfg = Debug|Any CPU
		{B1B47554-8430-45AC-AE1B-F584B3E82A95}.Debug|Any CPU.Build.0 = Debug|Any CPU
		{B1B47554-8430-45AC-AE1B-F584B3E82A95}.Release|Any CPU.ActiveCfg = Release|Any CPU
		{B1B47554-8430-45AC-AE1B-F584B3E82A95}.Release|Any CPU.Build.0 = Release|Any CPU
		{80D786DA-FC86-471E-8D21-9565F545CFD5}.Debug|Any CPU.ActiveCfg = Debug|Any CPU
		{80D786DA-FC86-471E-8D21-9565F545CFD5}.Debug|Any CPU.Build.0 = Debug|Any CPU
		{80D786DA-FC86-471E-8D21-9565F545CFD5}.Release|Any CPU.ActiveCfg = Release|Any CPU
		{80D786DA-FC86-471E-8D21-9565F545CFD5}.Release|Any CPU.Build.0 = Release|Any CPU
		{0525F69B-F5B2-4F8D-9EA0-9EFB3A8EEA35}.Debug|Any CPU.ActiveCfg = Debug|Any CPU
		{0525F69B-F5B2-4F8D-9EA0-9EFB3A8EEA35}.Debug|Any CPU.Build.0 = Debug|Any CPU
		{0525F69B-F5B2-4F8D-9EA0-9EFB3A8EEA35}.Release|Any CPU.ActiveCfg = Release|Any CPU
		{0525F69B-F5B2-4F8D-9EA0-9EFB3A8EEA35}.Release|Any CPU.Build.0 = Release|Any CPU
	EndGlobalSection
	GlobalSection(SolutionProperties) = preSolution
		HideSolutionNode = FALSE
	EndGlobalSection
	GlobalSection(ExtensibilityGlobals) = postSolution
		SolutionGuid = {95058691-FE60-4554-BE5A-6AE2DD4C4ACC}
	EndGlobalSection
EndGlobal
