
Microsoft Visual Studio Solution File, Format Version 12.00
# Visual Studio Version 16
VisualStudioVersion = 16.0.28803.202
MinimumVisualStudioVersion = 10.0.40219.1
Project("{FAE04EC0-301F-11D3-BF4B-00C04F79EFBC}") = "CrmSdkLibrary", "CrmSdkLibrary\CrmSdkLibrary.csproj", "{8047D594-9184-4D8A-936B-86323BE56318}"
EndProject
Project("{FAE04EC0-301F-11D3-BF4B-00C04F79EFBC}") = "Example", "Example\Example.csproj", "{05E8AADE-2C0D-47F0-8088-C0692EDB3460}"
EndProject
Project("{FAE04EC0-301F-11D3-BF4B-00C04F79EFBC}") = "WebApi", "WebApi\WebApi.csproj", "{59E338CE-8F44-43BC-8062-68146D117405}"
EndProject
Global
	GlobalSection(SolutionConfigurationPlatforms) = preSolution
		Debug|Any CPU = Debug|Any CPU
		Release|Any CPU = Release|Any CPU
	EndGlobalSection
	GlobalSection(ProjectConfigurationPlatforms) = postSolution
		{8047D594-9184-4D8A-936B-86323BE56318}.Debug|Any CPU.ActiveCfg = Debug|Any CPU
		{8047D594-9184-4D8A-936B-86323BE56318}.Debug|Any CPU.Build.0 = Debug|Any CPU
		{8047D594-9184-4D8A-936B-86323BE56318}.Release|Any CPU.ActiveCfg = Release|Any CPU
		{8047D594-9184-4D8A-936B-86323BE56318}.Release|Any CPU.Build.0 = Release|Any CPU
		{05E8AADE-2C0D-47F0-8088-C0692EDB3460}.Debug|Any CPU.ActiveCfg = Debug|Any CPU
		{05E8AADE-2C0D-47F0-8088-C0692EDB3460}.Debug|Any CPU.Build.0 = Debug|Any CPU
		{05E8AADE-2C0D-47F0-8088-C0692EDB3460}.Release|Any CPU.ActiveCfg = Release|Any CPU
		{05E8AADE-2C0D-47F0-8088-C0692EDB3460}.Release|Any CPU.Build.0 = Release|Any CPU
		{59E338CE-8F44-43BC-8062-68146D117405}.Debug|Any CPU.ActiveCfg = Debug|Any CPU
		{59E338CE-8F44-43BC-8062-68146D117405}.Debug|Any CPU.Build.0 = Debug|Any CPU
		{59E338CE-8F44-43BC-8062-68146D117405}.Release|Any CPU.ActiveCfg = Release|Any CPU
		{59E338CE-8F44-43BC-8062-68146D117405}.Release|Any CPU.Build.0 = Release|Any CPU
	EndGlobalSection
	GlobalSection(SolutionProperties) = preSolution
		HideSolutionNode = FALSE
	EndGlobalSection
	GlobalSection(ExtensibilityGlobals) = postSolution
		SolutionGuid = {95058691-FE60-4554-BE5A-6AE2DD4C4ACC}
	EndGlobalSection
EndGlobal
